
Microsoft Visual Studio Solution File, Format Version 12.00
# Visual Studio Version 17
VisualStudioVersion = 17.6.33723.286
MinimumVisualStudioVersion = 10.0.40219.1
Project("{FAE04EC0-301F-11D3-BF4B-00C04F79EFBC}") = "DumpDrive.Presentation", "DumpDrive.Presentation.csproj", "{FDA2E87C-CF24-4744-A0CC-C764DBB841C0}"
EndProject
Project("{FAE04EC0-301F-11D3-BF4B-00C04F79EFBC}") = "DumpDrive.Domain", "..\DumpDrive.Domain\DumpDrive.Domain.csproj", "{855F5938-1238-4E4E-B4D6-2E76BEE83B86}"
EndProject
Project("{FAE04EC0-301F-11D3-BF4B-00C04F79EFBC}") = "DumpDrive.Data", "..\DumpDrive.Data\DumpDrive.Data.csproj", "{145A7932-FB11-4DD8-9A42-95C52ECD7DA4}"
EndProject
Global
	GlobalSection(SolutionConfigurationPlatforms) = preSolution
		Debug|Any CPU = Debug|Any CPU
		Release|Any CPU = Release|Any CPU
	EndGlobalSection
	GlobalSection(ProjectConfigurationPlatforms) = postSolution
		{FDA2E87C-CF24-4744-A0CC-C764DBB841C0}.Debug|Any CPU.ActiveCfg = Debug|Any CPU
		{FDA2E87C-CF24-4744-A0CC-C764DBB841C0}.Debug|Any CPU.Build.0 = Debug|Any CPU
		{FDA2E87C-CF24-4744-A0CC-C764DBB841C0}.Release|Any CPU.ActiveCfg = Release|Any CPU
		{FDA2E87C-CF24-4744-A0CC-C764DBB841C0}.Release|Any CPU.Build.0 = Release|Any CPU
		{855F5938-1238-4E4E-B4D6-2E76BEE83B86}.Debug|Any CPU.ActiveCfg = Debug|Any CPU
		{855F5938-1238-4E4E-B4D6-2E76BEE83B86}.Debug|Any CPU.Build.0 = Debug|Any CPU
		{855F5938-1238-4E4E-B4D6-2E76BEE83B86}.Release|Any CPU.ActiveCfg = Release|Any CPU
		{855F5938-1238-4E4E-B4D6-2E76BEE83B86}.Release|Any CPU.Build.0 = Release|Any CPU
		{145A7932-FB11-4DD8-9A42-95C52ECD7DA4}.Debug|Any CPU.ActiveCfg = Debug|Any CPU
		{145A7932-FB11-4DD8-9A42-95C52ECD7DA4}.Debug|Any CPU.Build.0 = Debug|Any CPU
		{145A7932-FB11-4DD8-9A42-95C52ECD7DA4}.Release|Any CPU.ActiveCfg = Release|Any CPU
		{145A7932-FB11-4DD8-9A42-95C52ECD7DA4}.Release|Any CPU.Build.0 = Release|Any CPU
	EndGlobalSection
	GlobalSection(SolutionProperties) = preSolution
		HideSolutionNode = FALSE
	EndGlobalSection
	GlobalSection(ExtensibilityGlobals) = postSolution
		SolutionGuid = {9770A197-202A-4A75-BD92-C8E963B700EC}
	EndGlobalSection
EndGlobal
